
Microsoft Visual Studio Solution File, Format Version 12.00
# Visual Studio Version 16
VisualStudioVersion = 16.0.29613.14
MinimumVisualStudioVersion = 10.0.40219.1
Project("{FAE04EC0-301F-11D3-BF4B-00C04F79EFBC}") = "githubApp", "githubApp\githubApp.csproj", "{87DAF449-5AEC-4AF8-9A9A-3321CF1FF456}"
EndProject
Global
	GlobalSection(SolutionConfigurationPlatforms) = preSolution
		Debug|Any CPU = Debug|Any CPU
		Release|Any CPU = Release|Any CPU
	EndGlobalSection
	GlobalSection(ProjectConfigurationPlatforms) = postSolution
		{87DAF449-5AEC-4AF8-9A9A-3321CF1FF456}.Debug|Any CPU.ActiveCfg = Debug|Any CPU
		{87DAF449-5AEC-4AF8-9A9A-3321CF1FF456}.Debug|Any CPU.Build.0 = Debug|Any CPU
		{87DAF449-5AEC-4AF8-9A9A-3321CF1FF456}.Release|Any CPU.ActiveCfg = Release|Any CPU
		{87DAF449-5AEC-4AF8-9A9A-3321CF1FF456}.Release|Any CPU.Build.0 = Release|Any CPU
	EndGlobalSection
	GlobalSection(SolutionProperties) = preSolution
		HideSolutionNode = FALSE
	EndGlobalSection
	GlobalSection(ExtensibilityGlobals) = postSolution
		SolutionGuid = {56B1E4AE-F2B5-4471-A4F5-A4C8B4F31BB7}
	EndGlobalSection
EndGlobal
